// !$*UTF8*$!
{
	archiveVersion = 1;
	classes = {
	};
	objectVersion = 56;
	objects = {

/* Begin PBXBuildFile section */
		2ED02EAD2D632D9700A18268 /* TpNoteiOS_PokedexApp.swift in Sources */ = {isa = PBXBuildFile; fileRef = 2ED02EAC2D632D9700A18268 /* TpNoteiOS_PokedexApp.swift */; };
		2ED02EAF2D632D9700A18268 /* ContentView.swift in Sources */ = {isa = PBXBuildFile; fileRef = 2ED02EAE2D632D9700A18268 /* ContentView.swift */; };
		2ED02EB12D632D9800A18268 /* Assets.xcassets in Resources */ = {isa = PBXBuildFile; fileRef = 2ED02EB02D632D9800A18268 /* Assets.xcassets */; };
		2ED02EB42D632D9800A18268 /* Preview Assets.xcassets in Resources */ = {isa = PBXBuildFile; fileRef = 2ED02EB32D632D9800A18268 /* Preview Assets.xcassets */; };
		2ED02EB62D632D9800A18268 /* Persistence.swift in Sources */ = {isa = PBXBuildFile; fileRef = 2ED02EB52D632D9800A18268 /* Persistence.swift */; };
		2ED02EB92D632D9800A18268 /* TpNoteiOS_Pokedex.xcdatamodeld in Sources */ = {isa = PBXBuildFile; fileRef = 2ED02EB72D632D9800A18268 /* TpNoteiOS_Pokedex.xcdatamodeld */; };
		2ED02EC02D632E4D00A18268 /* CoreDataManager.swift in Sources */ = {isa = PBXBuildFile; fileRef = 2ED02EBF2D632E4D00A18268 /* CoreDataManager.swift */; };
		2ED02EC82D6334D000A18268 /* Pokemon.swift in Sources */ = {isa = PBXBuildFile; fileRef = 2ED02EC72D6334D000A18268 /* Pokemon.swift */; };
		2ED02ECB2D63352500A18268 /* PokemonAPI.swift in Sources */ = {isa = PBXBuildFile; fileRef = 2ED02ECA2D63352500A18268 /* PokemonAPI.swift */; };
/* End PBXBuildFile section */

/* Begin PBXFileReference section */
		2ED02EA92D632D9700A18268 /* TpNoteiOS_Pokedex.app */ = {isa = PBXFileReference; explicitFileType = wrapper.application; includeInIndex = 0; path = TpNoteiOS_Pokedex.app; sourceTree = BUILT_PRODUCTS_DIR; };
		2ED02EAC2D632D9700A18268 /* TpNoteiOS_PokedexApp.swift */ = {isa = PBXFileReference; lastKnownFileType = sourcecode.swift; path = TpNoteiOS_PokedexApp.swift; sourceTree = "<group>"; };
		2ED02EAE2D632D9700A18268 /* ContentView.swift */ = {isa = PBXFileReference; lastKnownFileType = sourcecode.swift; path = ContentView.swift; sourceTree = "<group>"; };
		2ED02EB02D632D9800A18268 /* Assets.xcassets */ = {isa = PBXFileReference; lastKnownFileType = folder.assetcatalog; path = Assets.xcassets; sourceTree = "<group>"; };
		2ED02EB32D632D9800A18268 /* Preview Assets.xcassets */ = {isa = PBXFileReference; lastKnownFileType = folder.assetcatalog; path = "Preview Assets.xcassets"; sourceTree = "<group>"; };
		2ED02EB52D632D9800A18268 /* Persistence.swift */ = {isa = PBXFileReference; lastKnownFileType = sourcecode.swift; path = Persistence.swift; sourceTree = "<group>"; };
		2ED02EB82D632D9800A18268 /* TpNoteiOS_Pokedex.xcdatamodel */ = {isa = PBXFileReference; lastKnownFileType = wrapper.xcdatamodel; path = TpNoteiOS_Pokedex.xcdatamodel; sourceTree = "<group>"; };
		2ED02EBF2D632E4D00A18268 /* CoreDataManager.swift */ = {isa = PBXFileReference; lastKnownFileType = sourcecode.swift; path = CoreDataManager.swift; sourceTree = "<group>"; };
		2ED02EC72D6334D000A18268 /* Pokemon.swift */ = {isa = PBXFileReference; lastKnownFileType = sourcecode.swift; path = Pokemon.swift; sourceTree = "<group>"; };
		2ED02ECA2D63352500A18268 /* PokemonAPI.swift */ = {isa = PBXFileReference; lastKnownFileType = sourcecode.swift; name = PokemonAPI.swift; path = TpNoteiOS_Pokedex/Models/PokemonAPI.swift; sourceTree = SOURCE_ROOT; };
/* End PBXFileReference section */

/* Begin PBXFrameworksBuildPhase section */
		2ED02EA62D632D9700A18268 /* Frameworks */ = {
			isa = PBXFrameworksBuildPhase;
			buildActionMask = 2147483647;
			files = (
			);
			runOnlyForDeploymentPostprocessing = 0;
		};
/* End PBXFrameworksBuildPhase section */

/* Begin PBXGroup section */
		2ED02EA02D632D9700A18268 = {
			isa = PBXGroup;
			children = (
				2ED02EAB2D632D9700A18268 /* TpNoteiOS_Pokedex */,
				2ED02EAA2D632D9700A18268 /* Products */,
			);
			sourceTree = "<group>";
		};
		2ED02EAA2D632D9700A18268 /* Products */ = {
			isa = PBXGroup;
			children = (
				2ED02EA92D632D9700A18268 /* TpNoteiOS_Pokedex.app */,
			);
			name = Products;
			sourceTree = "<group>";
		};
		2ED02EAB2D632D9700A18268 /* TpNoteiOS_Pokedex */ = {
			isa = PBXGroup;
			children = (
				2ED02EC92D6334F100A18268 /* Network */,
				2ED02EC62D6334C200A18268 /* Models */,
				2ED02EC12D632EFA00A18268 /* CoreData */,
				2ED02EAC2D632D9700A18268 /* TpNoteiOS_PokedexApp.swift */,
				2ED02EAE2D632D9700A18268 /* ContentView.swift */,
				2ED02EB02D632D9800A18268 /* Assets.xcassets */,
				2ED02EB72D632D9800A18268 /* TpNoteiOS_Pokedex.xcdatamodeld */,
				2ED02EB22D632D9800A18268 /* Preview Content */,
			);
			path = TpNoteiOS_Pokedex;
			sourceTree = "<group>";
		};
		2ED02EB22D632D9800A18268 /* Preview Content */ = {
			isa = PBXGroup;
			children = (
				2ED02EB32D632D9800A18268 /* Preview Assets.xcassets */,
			);
			path = "Preview Content";
			sourceTree = "<group>";
		};
		2ED02EC12D632EFA00A18268 /* CoreData */ = {
			isa = PBXGroup;
			children = (
				2ED02EBF2D632E4D00A18268 /* CoreDataManager.swift */,
				2ED02EB52D632D9800A18268 /* Persistence.swift */,
			);
			path = CoreData;
			sourceTree = "<group>";
		};
		2ED02EC62D6334C200A18268 /* Models */ = {
			isa = PBXGroup;
			children = (
				2ED02EC72D6334D000A18268 /* Pokemon.swift */,
			);
			path = Models;
			sourceTree = "<group>";
		};
		2ED02EC92D6334F100A18268 /* Network */ = {
			isa = PBXGroup;
			children = (
				2ED02ECA2D63352500A18268 /* PokemonAPI.swift */,
			);
			path = Network;
			sourceTree = "<group>";
		};
/* End PBXGroup section */

/* Begin PBXNativeTarget section */
		2ED02EA82D632D9700A18268 /* TpNoteiOS_Pokedex */ = {
			isa = PBXNativeTarget;
			buildConfigurationList = 2ED02EBC2D632D9800A18268 /* Build configuration list for PBXNativeTarget "TpNoteiOS_Pokedex" */;
			buildPhases = (
				2ED02EA52D632D9700A18268 /* Sources */,
				2ED02EA62D632D9700A18268 /* Frameworks */,
				2ED02EA72D632D9700A18268 /* Resources */,
			);
			buildRules = (
			);
			dependencies = (
			);
			name = TpNoteiOS_Pokedex;
			productName = TpNoteiOS_Pokedex;
			productReference = 2ED02EA92D632D9700A18268 /* TpNoteiOS_Pokedex.app */;
			productType = "com.apple.product-type.application";
		};
/* End PBXNativeTarget section */

/* Begin PBXProject section */
		2ED02EA12D632D9700A18268 /* Project object */ = {
			isa = PBXProject;
			attributes = {
				BuildIndependentTargetsInParallel = 1;
				LastSwiftUpdateCheck = 1500;
				LastUpgradeCheck = 1500;
				TargetAttributes = {
					2ED02EA82D632D9700A18268 = {
						CreatedOnToolsVersion = 15.0.1;
					};
				};
			};
			buildConfigurationList = 2ED02EA42D632D9700A18268 /* Build configuration list for PBXProject "TpNoteiOS_Pokedex" */;
			compatibilityVersion = "Xcode 14.0";
			developmentRegion = en;
			hasScannedForEncodings = 0;
			knownRegions = (
				en,
				Base,
			);
			mainGroup = 2ED02EA02D632D9700A18268;
			productRefGroup = 2ED02EAA2D632D9700A18268 /* Products */;
			projectDirPath = "";
			projectRoot = "";
			targets = (
				2ED02EA82D632D9700A18268 /* TpNoteiOS_Pokedex */,
			);
		};
/* End PBXProject section */

/* Begin PBXResourcesBuildPhase section */
		2ED02EA72D632D9700A18268 /* Resources */ = {
			isa = PBXResourcesBuildPhase;
			buildActionMask = 2147483647;
			files = (
				2ED02EB42D632D9800A18268 /* Preview Assets.xcassets in Resources */,
				2ED02EB12D632D9800A18268 /* Assets.xcassets in Resources */,
			);
			runOnlyForDeploymentPostprocessing = 0;
		};
/* End PBXResourcesBuildPhase section */

/* Begin PBXSourcesBuildPhase section */
		2ED02EA52D632D9700A18268 /* Sources */ = {
			isa = PBXSourcesBuildPhase;
			buildActionMask = 2147483647;
			files = (
				2ED02EC82D6334D000A18268 /* Pokemon.swift in Sources */,
				2ED02EB62D632D9800A18268 /* Persistence.swift in Sources */,
				2ED02EAF2D632D9700A18268 /* ContentView.swift in Sources */,
				2ED02ECB2D63352500A18268 /* PokemonAPI.swift in Sources */,
				2ED02EB92D632D9800A18268 /* TpNoteiOS_Pokedex.xcdatamodeld in Sources */,
				2ED02EC02D632E4D00A18268 /* CoreDataManager.swift in Sources */,
				2ED02EAD2D632D9700A18268 /* TpNoteiOS_PokedexApp.swift in Sources */,
			);
			runOnlyForDeploymentPostprocessing = 0;
		};
/* End PBXSourcesBuildPhase section */

/* Begin XCBuildConfiguration section */
		2ED02EBA2D632D9800A18268 /* Debug */ = {
			isa = XCBuildConfiguration;
			buildSettings = {
				ALWAYS_SEARCH_USER_PATHS = NO;
				ASSETCATALOG_COMPILER_GENERATE_SWIFT_ASSET_SYMBOL_EXTENSIONS = YES;
				CLANG_ANALYZER_NONNULL = YES;
				CLANG_ANALYZER_NUMBER_OBJECT_CONVERSION = YES_AGGRESSIVE;
				CLANG_CXX_LANGUAGE_STANDARD = "gnu++20";
				CLANG_ENABLE_MODULES = YES;
				CLANG_ENABLE_OBJC_ARC = YES;
				CLANG_ENABLE_OBJC_WEAK = YES;
				CLANG_WARN_BLOCK_CAPTURE_AUTORELEASING = YES;
				CLANG_WARN_BOOL_CONVERSION = YES;
				CLANG_WARN_COMMA = YES;
				CLANG_WARN_CONSTANT_CONVERSION = YES;
				CLANG_WARN_DEPRECATED_OBJC_IMPLEMENTATIONS = YES;
				CLANG_WARN_DIRECT_OBJC_ISA_USAGE = YES_ERROR;
				CLANG_WARN_DOCUMENTATION_COMMENTS = YES;
				CLANG_WARN_EMPTY_BODY = YES;
				CLANG_WARN_ENUM_CONVERSION = YES;
				CLANG_WARN_INFINITE_RECURSION = YES;
				CLANG_WARN_INT_CONVERSION = YES;
				CLANG_WARN_NON_LITERAL_NULL_CONVERSION = YES;
				CLANG_WARN_OBJC_IMPLICIT_RETAIN_SELF = YES;
				CLANG_WARN_OBJC_LITERAL_CONVERSION = YES;
				CLANG_WARN_OBJC_ROOT_CLASS = YES_ERROR;
				CLANG_WARN_QUOTED_INCLUDE_IN_FRAMEWORK_HEADER = YES;
				CLANG_WARN_RANGE_LOOP_ANALYSIS = YES;
				CLANG_WARN_STRICT_PROTOTYPES = YES;
				CLANG_WARN_SUSPICIOUS_MOVE = YES;
				CLANG_WARN_UNGUARDED_AVAILABILITY = YES_AGGRESSIVE;
				CLANG_WARN_UNREACHABLE_CODE = YES;
				CLANG_WARN__DUPLICATE_METHOD_MATCH = YES;
				COPY_PHASE_STRIP = NO;
				DEBUG_INFORMATION_FORMAT = dwarf;
				ENABLE_STRICT_OBJC_MSGSEND = YES;
				ENABLE_TESTABILITY = YES;
				ENABLE_USER_SCRIPT_SANDBOXING = YES;
				GCC_C_LANGUAGE_STANDARD = gnu17;
				GCC_DYNAMIC_NO_PIC = NO;
				GCC_NO_COMMON_BLOCKS = YES;
				GCC_OPTIMIZATION_LEVEL = 0;
				GCC_PREPROCESSOR_DEFINITIONS = (
					"DEBUG=1",
					"$(inherited)",
				);
				GCC_WARN_64_TO_32_BIT_CONVERSION = YES;
				GCC_WARN_ABOUT_RETURN_TYPE = YES_ERROR;
				GCC_WARN_UNDECLARED_SELECTOR = YES;
				GCC_WARN_UNINITIALIZED_AUTOS = YES_AGGRESSIVE;
				GCC_WARN_UNUSED_FUNCTION = YES;
				GCC_WARN_UNUSED_VARIABLE = YES;
				IPHONEOS_DEPLOYMENT_TARGET = 17.0;
				LOCALIZATION_PREFERS_STRING_CATALOGS = YES;
				MTL_ENABLE_DEBUG_INFO = INCLUDE_SOURCE;
				MTL_FAST_MATH = YES;
				ONLY_ACTIVE_ARCH = YES;
				SDKROOT = iphoneos;
				SWIFT_ACTIVE_COMPILATION_CONDITIONS = "DEBUG $(inherited)";
				SWIFT_OPTIMIZATION_LEVEL = "-Onone";
			};
			name = Debug;
		};
		2ED02EBB2D632D9800A18268 /* Release */ = {
			isa = XCBuildConfiguration;
			buildSettings = {
				ALWAYS_SEARCH_USER_PATHS = NO;
				ASSETCATALOG_COMPILER_GENERATE_SWIFT_ASSET_SYMBOL_EXTENSIONS = YES;
				CLANG_ANALYZER_NONNULL = YES;
				CLANG_ANALYZER_NUMBER_OBJECT_CONVERSION = YES_AGGRESSIVE;
				CLANG_CXX_LANGUAGE_STANDARD = "gnu++20";
				CLANG_ENABLE_MODULES = YES;
				CLANG_ENABLE_OBJC_ARC = YES;
				CLANG_ENABLE_OBJC_WEAK = YES;
				CLANG_WARN_BLOCK_CAPTURE_AUTORELEASING = YES;
				CLANG_WARN_BOOL_CONVERSION = YES;
				CLANG_WARN_COMMA = YES;
				CLANG_WARN_CONSTANT_CONVERSION = YES;
				CLANG_WARN_DEPRECATED_OBJC_IMPLEMENTATIONS = YES;
				CLANG_WARN_DIRECT_OBJC_ISA_USAGE = YES_ERROR;
				CLANG_WARN_DOCUMENTATION_COMMENTS = YES;
				CLANG_WARN_EMPTY_BODY = YES;
				CLANG_WARN_ENUM_CONVERSION = YES;
				CLANG_WARN_INFINITE_RECURSION = YES;
				CLANG_WARN_INT_CONVERSION = YES;
				CLANG_WARN_NON_LITERAL_NULL_CONVERSION = YES;
				CLANG_WARN_OBJC_IMPLICIT_RETAIN_SELF = YES;
				CLANG_WARN_OBJC_LITERAL_CONVERSION = YES;
				CLANG_WARN_OBJC_ROOT_CLASS = YES_ERROR;
				CLANG_WARN_QUOTED_INCLUDE_IN_FRAMEWORK_HEADER = YES;
				CLANG_WARN_RANGE_LOOP_ANALYSIS = YES;
				CLANG_WARN_STRICT_PROTOTYPES = YES;
				CLANG_WARN_SUSPICIOUS_MOVE = YES;
				CLANG_WARN_UNGUARDED_AVAILABILITY = YES_AGGRESSIVE;
				CLANG_WARN_UNREACHABLE_CODE = YES;
				CLANG_WARN__DUPLICATE_METHOD_MATCH = YES;
				COPY_PHASE_STRIP = NO;
				DEBUG_INFORMATION_FORMAT = "dwarf-with-dsym";
				ENABLE_NS_ASSERTIONS = NO;
				ENABLE_STRICT_OBJC_MSGSEND = YES;
				ENABLE_USER_SCRIPT_SANDBOXING = YES;
				GCC_C_LANGUAGE_STANDARD = gnu17;
				GCC_NO_COMMON_BLOCKS = YES;
				GCC_WARN_64_TO_32_BIT_CONVERSION = YES;
				GCC_WARN_ABOUT_RETURN_TYPE = YES_ERROR;
				GCC_WARN_UNDECLARED_SELECTOR = YES;
				GCC_WARN_UNINITIALIZED_AUTOS = YES_AGGRESSIVE;
				GCC_WARN_UNUSED_FUNCTION = YES;
				GCC_WARN_UNUSED_VARIABLE = YES;
				IPHONEOS_DEPLOYMENT_TARGET = 17.0;
				LOCALIZATION_PREFERS_STRING_CATALOGS = YES;
				MTL_ENABLE_DEBUG_INFO = NO;
				MTL_FAST_MATH = YES;
				SDKROOT = iphoneos;
				SWIFT_COMPILATION_MODE = wholemodule;
				VALIDATE_PRODUCT = YES;
			};
			name = Release;
		};
		2ED02EBD2D632D9800A18268 /* Debug */ = {
			isa = XCBuildConfiguration;
			buildSettings = {
				ASSETCATALOG_COMPILER_APPICON_NAME = AppIcon;
				ASSETCATALOG_COMPILER_GLOBAL_ACCENT_COLOR_NAME = AccentColor;
				CODE_SIGN_STYLE = Automatic;
				CURRENT_PROJECT_VERSION = 1;
				DEVELOPMENT_ASSET_PATHS = "\"TpNoteiOS_Pokedex/Preview Content\"";
				ENABLE_PREVIEWS = YES;
				GENERATE_INFOPLIST_FILE = YES;
				INFOPLIST_KEY_UIApplicationSceneManifest_Generation = YES;
				INFOPLIST_KEY_UIApplicationSupportsIndirectInputEvents = YES;
				INFOPLIST_KEY_UILaunchScreen_Generation = YES;
				INFOPLIST_KEY_UISupportedInterfaceOrientations_iPad = "UIInterfaceOrientationPortrait UIInterfaceOrientationPortraitUpsideDown UIInterfaceOrientationLandscapeLeft UIInterfaceOrientationLandscapeRight";
				INFOPLIST_KEY_UISupportedInterfaceOrientations_iPhone = "UIInterfaceOrientationPortrait UIInterfaceOrientationLandscapeLeft UIInterfaceOrientationLandscapeRight";
				LD_RUNPATH_SEARCH_PATHS = (
					"$(inherited)",
					"@executable_path/Frameworks",
				);
				MARKETING_VERSION = 1.0;
				PRODUCT_BUNDLE_IDENTIFIER = "iut-acy-goy.TpNoteiOS-Pokedex";
				PRODUCT_NAME = "$(TARGET_NAME)";
				SWIFT_EMIT_LOC_STRINGS = YES;
				SWIFT_VERSION = 5.0;
				TARGETED_DEVICE_FAMILY = "1,2";
			};
			name = Debug;
		};
		2ED02EBE2D632D9800A18268 /* Release */ = {
			isa = XCBuildConfiguration;
			buildSettings = {
				ASSETCATALOG_COMPILER_APPICON_NAME = AppIcon;
				ASSETCATALOG_COMPILER_GLOBAL_ACCENT_COLOR_NAME = AccentColor;
				CODE_SIGN_STYLE = Automatic;
				CURRENT_PROJECT_VERSION = 1;
				DEVELOPMENT_ASSET_PATHS = "\"TpNoteiOS_Pokedex/Preview Content\"";
				ENABLE_PREVIEWS = YES;
				GENERATE_INFOPLIST_FILE = YES;
				INFOPLIST_KEY_UIApplicationSceneManifest_Generation = YES;
				INFOPLIST_KEY_UIApplicationSupportsIndirectInputEvents = YES;
				INFOPLIST_KEY_UILaunchScreen_Generation = YES;
				INFOPLIST_KEY_UISupportedInterfaceOrientations_iPad = "UIInterfaceOrientationPortrait UIInterfaceOrientationPortraitUpsideDown UIInterfaceOrientationLandscapeLeft UIInterfaceOrientationLandscapeRight";
				INFOPLIST_KEY_UISupportedInterfaceOrientations_iPhone = "UIInterfaceOrientationPortrait UIInterfaceOrientationLandscapeLeft UIInterfaceOrientationLandscapeRight";
				LD_RUNPATH_SEARCH_PATHS = (
					"$(inherited)",
					"@executable_path/Frameworks",
				);
				MARKETING_VERSION = 1.0;
				PRODUCT_BUNDLE_IDENTIFIER = "iut-acy-goy.TpNoteiOS-Pokedex";
				PRODUCT_NAME = "$(TARGET_NAME)";
				SWIFT_EMIT_LOC_STRINGS = YES;
				SWIFT_VERSION = 5.0;
				TARGETED_DEVICE_FAMILY = "1,2";
			};
			name = Release;
		};
/* End XCBuildConfiguration section */

/* Begin XCConfigurationList section */
		2ED02EA42D632D9700A18268 /* Build configuration list for PBXProject "TpNoteiOS_Pokedex" */ = {
			isa = XCConfigurationList;
			buildConfigurations = (
				2ED02EBA2D632D9800A18268 /* Debug */,
				2ED02EBB2D632D9800A18268 /* Release */,
			);
			defaultConfigurationIsVisible = 0;
			defaultConfigurationName = Release;
		};
		2ED02EBC2D632D9800A18268 /* Build configuration list for PBXNativeTarget "TpNoteiOS_Pokedex" */ = {
			isa = XCConfigurationList;
			buildConfigurations = (
				2ED02EBD2D632D9800A18268 /* Debug */,
				2ED02EBE2D632D9800A18268 /* Release */,
			);
			defaultConfigurationIsVisible = 0;
			defaultConfigurationName = Release;
		};
/* End XCConfigurationList section */

/* Begin XCVersionGroup section */
		2ED02EB72D632D9800A18268 /* TpNoteiOS_Pokedex.xcdatamodeld */ = {
			isa = XCVersionGroup;
			children = (
				2ED02EB82D632D9800A18268 /* TpNoteiOS_Pokedex.xcdatamodel */,
			);
			currentVersion = 2ED02EB82D632D9800A18268 /* TpNoteiOS_Pokedex.xcdatamodel */;
			path = TpNoteiOS_Pokedex.xcdatamodeld;
			sourceTree = "<group>";
			versionGroupType = wrapper.xcdatamodel;
		};
/* End XCVersionGroup section */
	};
	rootObject = 2ED02EA12D632D9700A18268 /* Project object */;
}
